
Microsoft Visual Studio Solution File, Format Version 12.00
# Visual Studio Version 17
VisualStudioVersion = 17.3.32929.385
MinimumVisualStudioVersion = 10.0.40219.1
Project("{9A19103F-16F7-4668-BE54-9A1E7A4F7556}") = "ALXKurs", "ALXKurs\ALXKurs.csproj", "{4162016B-6E72-4032-B902-45BBB6017F67}"
EndProject
Project("{2150E333-8FDC-42A3-9474-1A3956D46DE8}") = "Solution Items", "Solution Items", "{A2541FA3-FE0E-4AA5-9E85-159B4DA87011}"
	ProjectSection(SolutionItems) = preProject
		.gitignore = .gitignore
	EndProjectSection
EndProject
Project("{9A19103F-16F7-4668-BE54-9A1E7A4F7556}") = "ALXCalculator", "ALXCalculator\ALXCalculator.csproj", "{B375ACDD-76B6-45D8-8A55-87B07D8BB5A9}"
EndProject
Project("{9A19103F-16F7-4668-BE54-9A1E7A4F7556}") = "ALXCourseHomework", "ALXCourseHomework\ALXCourseHomework.csproj", "{58170FB9-F905-4682-B6F1-F2DCCE0781E8}"
EndProject
Project("{9A19103F-16F7-4668-BE54-9A1E7A4F7556}") = "CommonFunctionalites", "CommonFunctionalites\CommonFunctionalites.csproj", "{F5286D87-0B5A-49FE-90A3-9EF77695C409}"
EndProject
Project("{9A19103F-16F7-4668-BE54-9A1E7A4F7556}") = "ShopApp", "ShopApp\ShopApp.csproj", "{A781EE5E-060E-4D00-A18D-B9C266986E32}"
EndProject
Project("{2150E333-8FDC-42A3-9474-1A3956D46DE8}") = "FormApps", "FormApps", "{D31A22E6-32A5-452E-A35C-E95CCACF2ECC}"
EndProject
Project("{FAE04EC0-301F-11D3-BF4B-00C04F79EFBC}") = "Hardcoded", "FormApp\Hardcoded.csproj", "{F3C07570-0911-4348-9F38-AB7C321968F3}"
EndProject
Project("{FAE04EC0-301F-11D3-BF4B-00C04F79EFBC}") = "FormApp1", "FormApp1\FormApp1.csproj", "{3E8805EE-C742-4941-A315-D6D45D4E811D}"
EndProject
Global
	GlobalSection(SolutionConfigurationPlatforms) = preSolution
		Debug|Any CPU = Debug|Any CPU
		Release|Any CPU = Release|Any CPU
	EndGlobalSection
	GlobalSection(ProjectConfigurationPlatforms) = postSolution
		{4162016B-6E72-4032-B902-45BBB6017F67}.Debug|Any CPU.ActiveCfg = Debug|Any CPU
		{4162016B-6E72-4032-B902-45BBB6017F67}.Debug|Any CPU.Build.0 = Debug|Any CPU
		{4162016B-6E72-4032-B902-45BBB6017F67}.Release|Any CPU.ActiveCfg = Release|Any CPU
		{4162016B-6E72-4032-B902-45BBB6017F67}.Release|Any CPU.Build.0 = Release|Any CPU
		{B375ACDD-76B6-45D8-8A55-87B07D8BB5A9}.Debug|Any CPU.ActiveCfg = Debug|Any CPU
		{B375ACDD-76B6-45D8-8A55-87B07D8BB5A9}.Debug|Any CPU.Build.0 = Debug|Any CPU
		{B375ACDD-76B6-45D8-8A55-87B07D8BB5A9}.Release|Any CPU.ActiveCfg = Release|Any CPU
		{B375ACDD-76B6-45D8-8A55-87B07D8BB5A9}.Release|Any CPU.Build.0 = Release|Any CPU
		{58170FB9-F905-4682-B6F1-F2DCCE0781E8}.Debug|Any CPU.ActiveCfg = Debug|Any CPU
		{58170FB9-F905-4682-B6F1-F2DCCE0781E8}.Debug|Any CPU.Build.0 = Debug|Any CPU
		{58170FB9-F905-4682-B6F1-F2DCCE0781E8}.Release|Any CPU.ActiveCfg = Release|Any CPU
		{58170FB9-F905-4682-B6F1-F2DCCE0781E8}.Release|Any CPU.Build.0 = Release|Any CPU
		{F5286D87-0B5A-49FE-90A3-9EF77695C409}.Debug|Any CPU.ActiveCfg = Debug|Any CPU
		{F5286D87-0B5A-49FE-90A3-9EF77695C409}.Debug|Any CPU.Build.0 = Debug|Any CPU
		{F5286D87-0B5A-49FE-90A3-9EF77695C409}.Release|Any CPU.ActiveCfg = Release|Any CPU
		{F5286D87-0B5A-49FE-90A3-9EF77695C409}.Release|Any CPU.Build.0 = Release|Any CPU
		{A781EE5E-060E-4D00-A18D-B9C266986E32}.Debug|Any CPU.ActiveCfg = Debug|Any CPU
		{A781EE5E-060E-4D00-A18D-B9C266986E32}.Debug|Any CPU.Build.0 = Debug|Any CPU
		{A781EE5E-060E-4D00-A18D-B9C266986E32}.Release|Any CPU.ActiveCfg = Release|Any CPU
		{A781EE5E-060E-4D00-A18D-B9C266986E32}.Release|Any CPU.Build.0 = Release|Any CPU
		{F3C07570-0911-4348-9F38-AB7C321968F3}.Debug|Any CPU.ActiveCfg = Debug|Any CPU
		{F3C07570-0911-4348-9F38-AB7C321968F3}.Debug|Any CPU.Build.0 = Debug|Any CPU
		{F3C07570-0911-4348-9F38-AB7C321968F3}.Release|Any CPU.ActiveCfg = Release|Any CPU
		{F3C07570-0911-4348-9F38-AB7C321968F3}.Release|Any CPU.Build.0 = Release|Any CPU
		{3E8805EE-C742-4941-A315-D6D45D4E811D}.Debug|Any CPU.ActiveCfg = Debug|Any CPU
		{3E8805EE-C742-4941-A315-D6D45D4E811D}.Debug|Any CPU.Build.0 = Debug|Any CPU
		{3E8805EE-C742-4941-A315-D6D45D4E811D}.Release|Any CPU.ActiveCfg = Release|Any CPU
		{3E8805EE-C742-4941-A315-D6D45D4E811D}.Release|Any CPU.Build.0 = Release|Any CPU
	EndGlobalSection
	GlobalSection(SolutionProperties) = preSolution
		HideSolutionNode = FALSE
	EndGlobalSection
	GlobalSection(NestedProjects) = preSolution
		{B375ACDD-76B6-45D8-8A55-87B07D8BB5A9} = {A2541FA3-FE0E-4AA5-9E85-159B4DA87011}
		{58170FB9-F905-4682-B6F1-F2DCCE0781E8} = {A2541FA3-FE0E-4AA5-9E85-159B4DA87011}
		{F3C07570-0911-4348-9F38-AB7C321968F3} = {D31A22E6-32A5-452E-A35C-E95CCACF2ECC}
		{3E8805EE-C742-4941-A315-D6D45D4E811D} = {D31A22E6-32A5-452E-A35C-E95CCACF2ECC}
	EndGlobalSection
	GlobalSection(ExtensibilityGlobals) = postSolution
		SolutionGuid = {1A0B8C2C-6683-4CBF-B932-2DA67B70F333}
	EndGlobalSection
EndGlobal
