
Microsoft Visual Studio Solution File, Format Version 12.00
# Visual Studio Version 17
VisualStudioVersion = 17.3.32929.385
MinimumVisualStudioVersion = 10.0.40219.1
Project("{FAE04EC0-301F-11D3-BF4B-00C04F79EFBC}") = "ALXKurs", "ALXKurs\ALXKurs.csproj", "{4162016B-6E72-4032-B902-45BBB6017F67}"
EndProject
Global
	GlobalSection(SolutionConfigurationPlatforms) = preSolution
		Debug|Any CPU = Debug|Any CPU
		Release|Any CPU = Release|Any CPU
	EndGlobalSection
	GlobalSection(ProjectConfigurationPlatforms) = postSolution
		{4162016B-6E72-4032-B902-45BBB6017F67}.Debug|Any CPU.ActiveCfg = Debug|Any CPU
		{4162016B-6E72-4032-B902-45BBB6017F67}.Debug|Any CPU.Build.0 = Debug|Any CPU
		{4162016B-6E72-4032-B902-45BBB6017F67}.Release|Any CPU.ActiveCfg = Release|Any CPU
		{4162016B-6E72-4032-B902-45BBB6017F67}.Release|Any CPU.Build.0 = Release|Any CPU
	EndGlobalSection
	GlobalSection(SolutionProperties) = preSolution
		HideSolutionNode = FALSE
	EndGlobalSection
	GlobalSection(ExtensibilityGlobals) = postSolution
		SolutionGuid = {1A0B8C2C-6683-4CBF-B932-2DA67B70F333}
	EndGlobalSection
EndGlobal
